
Microsoft Visual Studio Solution File, Format Version 12.00
# Visual Studio Version 16
VisualStudioVersion = 16.0.29230.47
MinimumVisualStudioVersion = 10.0.40219.1
Project("{FAE04EC0-301F-11D3-BF4B-00C04F79EFBC}") = "Ctty", "Ctty.csproj", "{EE0180A3-D749-46F6-B3C5-64D68EA32DF5}"
EndProject
Global
	GlobalSection(SolutionConfigurationPlatforms) = preSolution
		Debug|Any CPU = Debug|Any CPU
		Release|Any CPU = Release|Any CPU
	EndGlobalSection
	GlobalSection(ProjectConfigurationPlatforms) = postSolution
		{EE0180A3-D749-46F6-B3C5-64D68EA32DF5}.Debug|Any CPU.ActiveCfg = Debug|Any CPU
		{EE0180A3-D749-46F6-B3C5-64D68EA32DF5}.Debug|Any CPU.Build.0 = Debug|Any CPU
		{EE0180A3-D749-46F6-B3C5-64D68EA32DF5}.Release|Any CPU.ActiveCfg = Release|Any CPU
		{EE0180A3-D749-46F6-B3C5-64D68EA32DF5}.Release|Any CPU.Build.0 = Release|Any CPU
	EndGlobalSection
	GlobalSection(SolutionProperties) = preSolution
		HideSolutionNode = FALSE
	EndGlobalSection
	GlobalSection(ExtensibilityGlobals) = postSolution
		SolutionGuid = {A6C398BB-FDF0-4A0D-B456-89351B6EEA09}
	EndGlobalSection
EndGlobal
